
Microsoft Visual Studio Solution File, Format Version 12.00
# Visual Studio Version 17
VisualStudioVersion = 17.14.36623.8 d17.14
MinimumVisualStudioVersion = 10.0.40219.1
Project("{FAE04EC0-301F-11D3-BF4B-00C04F79EFBC}") = "ISP Game", "ISP Game\ISP Game.csproj", "{FE25C9BD-7570-42EA-A3B2-E7253358E432}"
EndProject
Global
	GlobalSection(SolutionConfigurationPlatforms) = preSolution
		Debug|Any CPU = Debug|Any CPU
		Release|Any CPU = Release|Any CPU
	EndGlobalSection
	GlobalSection(ProjectConfigurationPlatforms) = postSolution
		{FE25C9BD-7570-42EA-A3B2-E7253358E432}.Debug|Any CPU.ActiveCfg = Debug|Any CPU
		{FE25C9BD-7570-42EA-A3B2-E7253358E432}.Debug|Any CPU.Build.0 = Debug|Any CPU
		{FE25C9BD-7570-42EA-A3B2-E7253358E432}.Release|Any CPU.ActiveCfg = Release|Any CPU
		{FE25C9BD-7570-42EA-A3B2-E7253358E432}.Release|Any CPU.Build.0 = Release|Any CPU
	EndGlobalSection
	GlobalSection(SolutionProperties) = preSolution
		HideSolutionNode = FALSE
	EndGlobalSection
	GlobalSection(ExtensibilityGlobals) = postSolution
		SolutionGuid = {2DBEAF81-3A38-43FD-8FBC-A66F89DB934C}
	EndGlobalSection
EndGlobal
